
Microsoft Visual Studio Solution File, Format Version 12.00
# Visual Studio Version 17
VisualStudioVersion = 17.14.36623.8 d17.14
MinimumVisualStudioVersion = 10.0.40219.1
Project("{FAE04EC0-301F-11D3-BF4B-00C04F79EFBC}") = "UmaBoaComida", "UmaBoaComida\UmaBoaComida\UmaBoaComida.csproj", "{6AF5F61C-07F8-4F9E-8442-600499153220}"
EndProject
Project("{FAE04EC0-301F-11D3-BF4B-00C04F79EFBC}") = "UmaBoaComida.Droid", "UmaBoaComida\UmaBoaComida.Droid\UmaBoaComida.Droid.csproj", "{966925C3-6A92-45BE-A191-71AA3C87E865}"
EndProject
Project("{FAE04EC0-301F-11D3-BF4B-00C04F79EFBC}") = "UmaBoaComida.WinUI", "UmaBoaComida\UmaBoaComida.WinUI\UmaBoaComida.WinUI.csproj", "{F24C7F2C-3CCE-4DE5-B7AF-6D18B71ECC21}"
EndProject
Global
	GlobalSection(SolutionConfigurationPlatforms) = preSolution
		Debug|Any CPU = Debug|Any CPU
		Release|Any CPU = Release|Any CPU
	EndGlobalSection
	GlobalSection(ProjectConfigurationPlatforms) = postSolution
		{6AF5F61C-07F8-4F9E-8442-600499153220}.Debug|Any CPU.ActiveCfg = Debug|Any CPU
		{6AF5F61C-07F8-4F9E-8442-600499153220}.Debug|Any CPU.Build.0 = Debug|Any CPU
		{6AF5F61C-07F8-4F9E-8442-600499153220}.Release|Any CPU.ActiveCfg = Release|Any CPU
		{6AF5F61C-07F8-4F9E-8442-600499153220}.Release|Any CPU.Build.0 = Release|Any CPU
		{966925C3-6A92-45BE-A191-71AA3C87E865}.Debug|Any CPU.ActiveCfg = Debug|Any CPU
		{966925C3-6A92-45BE-A191-71AA3C87E865}.Debug|Any CPU.Build.0 = Debug|Any CPU
		{966925C3-6A92-45BE-A191-71AA3C87E865}.Debug|Any CPU.Deploy.0 = Debug|Any CPU
		{966925C3-6A92-45BE-A191-71AA3C87E865}.Release|Any CPU.ActiveCfg = Release|Any CPU
		{966925C3-6A92-45BE-A191-71AA3C87E865}.Release|Any CPU.Build.0 = Release|Any CPU
		{966925C3-6A92-45BE-A191-71AA3C87E865}.Release|Any CPU.Deploy.0 = Release|Any CPU
		{F24C7F2C-3CCE-4DE5-B7AF-6D18B71ECC21}.Debug|Any CPU.ActiveCfg = Debug|x64
		{F24C7F2C-3CCE-4DE5-B7AF-6D18B71ECC21}.Debug|Any CPU.Build.0 = Debug|x64
		{F24C7F2C-3CCE-4DE5-B7AF-6D18B71ECC21}.Release|Any CPU.ActiveCfg = Release|x64
		{F24C7F2C-3CCE-4DE5-B7AF-6D18B71ECC21}.Release|Any CPU.Build.0 = Release|x64
	EndGlobalSection
	GlobalSection(SolutionProperties) = preSolution
		HideSolutionNode = FALSE
	EndGlobalSection
	GlobalSection(ExtensibilityGlobals) = postSolution
		SolutionGuid = {007B4D2F-FDBC-4F38-9148-AC8C67FE3580}
	EndGlobalSection
EndGlobal
